
Microsoft Visual Studio Solution File, Format Version 12.00
# Visual Studio Version 17
VisualStudioVersion = 17.8.34601.278
MinimumVisualStudioVersion = 10.0.40219.1
Project("{FAE04EC0-301F-11D3-BF4B-00C04F79EFBC}") = "Fibonacci", "Fibonacci\Fibonacci.csproj", "{C6B791B4-05C3-4C32-BC41-DCCCCC5A870F}"
EndProject
Global
	GlobalSection(SolutionConfigurationPlatforms) = preSolution
		Debug|Any CPU = Debug|Any CPU
		Release|Any CPU = Release|Any CPU
	EndGlobalSection
	GlobalSection(ProjectConfigurationPlatforms) = postSolution
		{C6B791B4-05C3-4C32-BC41-DCCCCC5A870F}.Debug|Any CPU.ActiveCfg = Debug|Any CPU
		{C6B791B4-05C3-4C32-BC41-DCCCCC5A870F}.Debug|Any CPU.Build.0 = Debug|Any CPU
		{C6B791B4-05C3-4C32-BC41-DCCCCC5A870F}.Release|Any CPU.ActiveCfg = Release|Any CPU
		{C6B791B4-05C3-4C32-BC41-DCCCCC5A870F}.Release|Any CPU.Build.0 = Release|Any CPU
	EndGlobalSection
	GlobalSection(SolutionProperties) = preSolution
		HideSolutionNode = FALSE
	EndGlobalSection
	GlobalSection(ExtensibilityGlobals) = postSolution
		SolutionGuid = {0AE03750-A8B5-41C3-B046-23DBA1044800}
	EndGlobalSection
EndGlobal
